
Microsoft Visual Studio Solution File, Format Version 12.00
# Visual Studio Version 16
VisualStudioVersion = 16.0.30717.126
MinimumVisualStudioVersion = 10.0.40219.1
Project("{9A19103F-16F7-4668-BE54-9A1E7A4F7556}") = "HelpersToolbox", "src\HelpersToolbox.csproj", "{9A619F75-0ADE-4B75-A681-D841244A3E0C}"
EndProject
Project("{9A19103F-16F7-4668-BE54-9A1E7A4F7556}") = "HelpersToolbox.Samples", "samples\HelpersToolbox.Samples.csproj", "{31ADCE21-3786-48A8-9243-CF71A0AF998B}"
EndProject
Global
	GlobalSection(SolutionConfigurationPlatforms) = preSolution
		Debug|Any CPU = Debug|Any CPU
		Release|Any CPU = Release|Any CPU
	EndGlobalSection
	GlobalSection(ProjectConfigurationPlatforms) = postSolution
		{9A619F75-0ADE-4B75-A681-D841244A3E0C}.Debug|Any CPU.ActiveCfg = Debug|Any CPU
		{9A619F75-0ADE-4B75-A681-D841244A3E0C}.Debug|Any CPU.Build.0 = Debug|Any CPU
		{9A619F75-0ADE-4B75-A681-D841244A3E0C}.Release|Any CPU.ActiveCfg = Release|Any CPU
		{9A619F75-0ADE-4B75-A681-D841244A3E0C}.Release|Any CPU.Build.0 = Release|Any CPU
		{31ADCE21-3786-48A8-9243-CF71A0AF998B}.Debug|Any CPU.ActiveCfg = Debug|Any CPU
		{31ADCE21-3786-48A8-9243-CF71A0AF998B}.Debug|Any CPU.Build.0 = Debug|Any CPU
		{31ADCE21-3786-48A8-9243-CF71A0AF998B}.Release|Any CPU.ActiveCfg = Release|Any CPU
		{31ADCE21-3786-48A8-9243-CF71A0AF998B}.Release|Any CPU.Build.0 = Release|Any CPU
	EndGlobalSection
	GlobalSection(SolutionProperties) = preSolution
		HideSolutionNode = FALSE
	EndGlobalSection
	GlobalSection(ExtensibilityGlobals) = postSolution
		SolutionGuid = {FC8A5542-01B2-4308-B0EC-B09874B9800B}
	EndGlobalSection
EndGlobal
